// !$*UTF8*$!
{
	archiveVersion = 1;
	classes = {
	};
	objectVersion = 46;
	objects = {

/* Begin PBXBuildFile section */
		54CAF0C01D1049AE00833FED /* AppDelegate.swift in Sources */ = {isa = PBXBuildFile; fileRef = 54CAF0BF1D1049AE00833FED /* AppDelegate.swift */; };
		54CAF0C21D1049AE00833FED /* ViewController.swift in Sources */ = {isa = PBXBuildFile; fileRef = 54CAF0C11D1049AE00833FED /* ViewController.swift */; };
		54CAF0C51D1049AE00833FED /* Main.storyboard in Resources */ = {isa = PBXBuildFile; fileRef = 54CAF0C31D1049AE00833FED /* Main.storyboard */; };
		54CAF0C81D1049AE00833FED /* ToddsSyndrome.xcdatamodeld in Sources */ = {isa = PBXBuildFile; fileRef = 54CAF0C61D1049AE00833FED /* ToddsSyndrome.xcdatamodeld */; };
		54CAF0CA1D1049AE00833FED /* Assets.xcassets in Resources */ = {isa = PBXBuildFile; fileRef = 54CAF0C91D1049AE00833FED /* Assets.xcassets */; };
		54CAF0CD1D1049AE00833FED /* LaunchScreen.storyboard in Resources */ = {isa = PBXBuildFile; fileRef = 54CAF0CB1D1049AE00833FED /* LaunchScreen.storyboard */; };
		54CAF0D81D1049AE00833FED /* ToddsSyndromeTests.swift in Sources */ = {isa = PBXBuildFile; fileRef = 54CAF0D71D1049AE00833FED /* ToddsSyndromeTests.swift */; };
/* End PBXBuildFile section */

/* Begin PBXContainerItemProxy section */
		54CAF0D41D1049AE00833FED /* PBXContainerItemProxy */ = {
			isa = PBXContainerItemProxy;
			containerPortal = 54CAF0B41D1049AE00833FED /* Project object */;
			proxyType = 1;
			remoteGlobalIDString = 54CAF0BB1D1049AE00833FED;
			remoteInfo = ToddsSyndrome;
		};
/* End PBXContainerItemProxy section */

/* Begin PBXFileReference section */
		54CAF0BC1D1049AE00833FED /* ToddsSyndrome.app */ = {isa = PBXFileReference; explicitFileType = wrapper.application; includeInIndex = 0; path = ToddsSyndrome.app; sourceTree = BUILT_PRODUCTS_DIR; };
		54CAF0BF1D1049AE00833FED /* AppDelegate.swift */ = {isa = PBXFileReference; lastKnownFileType = sourcecode.swift; path = AppDelegate.swift; sourceTree = "<group>"; };
		54CAF0C11D1049AE00833FED /* ViewController.swift */ = {isa = PBXFileReference; lastKnownFileType = sourcecode.swift; path = ViewController.swift; sourceTree = "<group>"; };
		54CAF0C41D1049AE00833FED /* Base */ = {isa = PBXFileReference; lastKnownFileType = file.storyboard; name = Base; path = Base.lproj/Main.storyboard; sourceTree = "<group>"; };
		54CAF0C71D1049AE00833FED /* ToddsSyndrome.xcdatamodel */ = {isa = PBXFileReference; lastKnownFileType = wrapper.xcdatamodel; path = ToddsSyndrome.xcdatamodel; sourceTree = "<group>"; };
		54CAF0C91D1049AE00833FED /* Assets.xcassets */ = {isa = PBXFileReference; lastKnownFileType = folder.assetcatalog; path = Assets.xcassets; sourceTree = "<group>"; };
		54CAF0CC1D1049AE00833FED /* Base */ = {isa = PBXFileReference; lastKnownFileType = file.storyboard; name = Base; path = Base.lproj/LaunchScreen.storyboard; sourceTree = "<group>"; };
		54CAF0CE1D1049AE00833FED /* Info.plist */ = {isa = PBXFileReference; lastKnownFileType = text.plist.xml; path = Info.plist; sourceTree = "<group>"; };
		54CAF0D31D1049AE00833FED /* ToddsSyndromeTests.xctest */ = {isa = PBXFileReference; explicitFileType = wrapper.cfbundle; includeInIndex = 0; path = ToddsSyndromeTests.xctest; sourceTree = BUILT_PRODUCTS_DIR; };
		54CAF0D71D1049AE00833FED /* ToddsSyndromeTests.swift */ = {isa = PBXFileReference; lastKnownFileType = sourcecode.swift; path = ToddsSyndromeTests.swift; sourceTree = "<group>"; };
		54CAF0D91D1049AE00833FED /* Info.plist */ = {isa = PBXFileReference; lastKnownFileType = text.plist.xml; path = Info.plist; sourceTree = "<group>"; };
/* End PBXFileReference section */

/* Begin PBXFrameworksBuildPhase section */
		54CAF0B91D1049AE00833FED /* Frameworks */ = {
			isa = PBXFrameworksBuildPhase;
			buildActionMask = 2147483647;
			files = (
			);
			runOnlyForDeploymentPostprocessing = 0;
		};
		54CAF0D01D1049AE00833FED /* Frameworks */ = {
			isa = PBXFrameworksBuildPhase;
			buildActionMask = 2147483647;
			files = (
			);
			runOnlyForDeploymentPostprocessing = 0;
		};
/* End PBXFrameworksBuildPhase section */

/* Begin PBXGroup section */
		54CAF0B31D1049AE00833FED = {
			isa = PBXGroup;
			children = (
				54CAF0BE1D1049AE00833FED /* ToddsSyndrome */,
				54CAF0D61D1049AE00833FED /* ToddsSyndromeTests */,
				54CAF0BD1D1049AE00833FED /* Products */,
			);
			sourceTree = "<group>";
		};
		54CAF0BD1D1049AE00833FED /* Products */ = {
			isa = PBXGroup;
			children = (
				54CAF0BC1D1049AE00833FED /* ToddsSyndrome.app */,
				54CAF0D31D1049AE00833FED /* ToddsSyndromeTests.xctest */,
			);
			name = Products;
			sourceTree = "<group>";
		};
		54CAF0BE1D1049AE00833FED /* ToddsSyndrome */ = {
			isa = PBXGroup;
			children = (
				54CAF0BF1D1049AE00833FED /* AppDelegate.swift */,
				54CAF0C11D1049AE00833FED /* ViewController.swift */,
				54CAF0C31D1049AE00833FED /* Main.storyboard */,
				54CAF0C91D1049AE00833FED /* Assets.xcassets */,
				54CAF0CB1D1049AE00833FED /* LaunchScreen.storyboard */,
				54CAF0CE1D1049AE00833FED /* Info.plist */,
				54CAF0C61D1049AE00833FED /* ToddsSyndrome.xcdatamodeld */,
			);
			path = ToddsSyndrome;
			sourceTree = "<group>";
		};
		54CAF0D61D1049AE00833FED /* ToddsSyndromeTests */ = {
			isa = PBXGroup;
			children = (
				54CAF0D71D1049AE00833FED /* ToddsSyndromeTests.swift */,
				54CAF0D91D1049AE00833FED /* Info.plist */,
			);
			path = ToddsSyndromeTests;
			sourceTree = "<group>";
		};
/* End PBXGroup section */

/* Begin PBXNativeTarget section */
		54CAF0BB1D1049AE00833FED /* ToddsSyndrome */ = {
			isa = PBXNativeTarget;
			buildConfigurationList = 54CAF0DC1D1049AE00833FED /* Build configuration list for PBXNativeTarget "ToddsSyndrome" */;
			buildPhases = (
				54CAF0B81D1049AE00833FED /* Sources */,
				54CAF0B91D1049AE00833FED /* Frameworks */,
				54CAF0BA1D1049AE00833FED /* Resources */,
			);
			buildRules = (
			);
			dependencies = (
			);
			name = ToddsSyndrome;
			productName = ToddsSyndrome;
			productReference = 54CAF0BC1D1049AE00833FED /* ToddsSyndrome.app */;
			productType = "com.apple.product-type.application";
		};
		54CAF0D21D1049AE00833FED /* ToddsSyndromeTests */ = {
			isa = PBXNativeTarget;
			buildConfigurationList = 54CAF0DF1D1049AE00833FED /* Build configuration list for PBXNativeTarget "ToddsSyndromeTests" */;
			buildPhases = (
				54CAF0CF1D1049AE00833FED /* Sources */,
				54CAF0D01D1049AE00833FED /* Frameworks */,
				54CAF0D11D1049AE00833FED /* Resources */,
			);
			buildRules = (
			);
			dependencies = (
				54CAF0D51D1049AE00833FED /* PBXTargetDependency */,
			);
			name = ToddsSyndromeTests;
			productName = ToddsSyndromeTests;
			productReference = 54CAF0D31D1049AE00833FED /* ToddsSyndromeTests.xctest */;
			productType = "com.apple.product-type.bundle.unit-test";
		};
/* End PBXNativeTarget section */

/* Begin PBXProject section */
		54CAF0B41D1049AE00833FED /* Project object */ = {
			isa = PBXProject;
			attributes = {
				LastSwiftUpdateCheck = 0730;
				LastUpgradeCheck = 0730;
				ORGANIZATIONNAME = ba.irfan;
				TargetAttributes = {
					54CAF0BB1D1049AE00833FED = {
						CreatedOnToolsVersion = 7.3;
					};
					54CAF0D21D1049AE00833FED = {
						CreatedOnToolsVersion = 7.3;
						TestTargetID = 54CAF0BB1D1049AE00833FED;
					};
				};
			};
			buildConfigurationList = 54CAF0B71D1049AE00833FED /* Build configuration list for PBXProject "ToddsSyndrome" */;
			compatibilityVersion = "Xcode 3.2";
			developmentRegion = English;
			hasScannedForEncodings = 0;
			knownRegions = (
				en,
				Base,
			);
			mainGroup = 54CAF0B31D1049AE00833FED;
			productRefGroup = 54CAF0BD1D1049AE00833FED /* Products */;
			projectDirPath = "";
			projectRoot = "";
			targets = (
				54CAF0BB1D1049AE00833FED /* ToddsSyndrome */,
				54CAF0D21D1049AE00833FED /* ToddsSyndromeTests */,
			);
		};
/* End PBXProject section */

/* Begin PBXResourcesBuildPhase section */
		54CAF0BA1D1049AE00833FED /* Resources */ = {
			isa = PBXResourcesBuildPhase;
			buildActionMask = 2147483647;
			files = (
				54CAF0CD1D1049AE00833FED /* LaunchScreen.storyboard in Resources */,
				54CAF0CA1D1049AE00833FED /* Assets.xcassets in Resources */,
				54CAF0C51D1049AE00833FED /* Main.storyboard in Resources */,
			);
			runOnlyForDeploymentPostprocessing = 0;
		};
		54CAF0D11D1049AE00833FED /* Resources */ = {
			isa = PBXResourcesBuildPhase;
			buildActionMask = 2147483647;
			files = (
			);
			runOnlyForDeploymentPostprocessing = 0;
		};
/* End PBXResourcesBuildPhase section */

/* Begin PBXSourcesBuildPhase section */
		54CAF0B81D1049AE00833FED /* Sources */ = {
			isa = PBXSourcesBuildPhase;
			buildActionMask = 2147483647;
			files = (
				54CAF0C21D1049AE00833FED /* ViewController.swift in Sources */,
				54CAF0C01D1049AE00833FED /* AppDelegate.swift in Sources */,
				54CAF0C81D1049AE00833FED /* ToddsSyndrome.xcdatamodeld in Sources */,
			);
			runOnlyForDeploymentPostprocessing = 0;
		};
		54CAF0CF1D1049AE00833FED /* Sources */ = {
			isa = PBXSourcesBuildPhase;
			buildActionMask = 2147483647;
			files = (
				54CAF0D81D1049AE00833FED /* ToddsSyndromeTests.swift in Sources */,
			);
			runOnlyForDeploymentPostprocessing = 0;
		};
/* End PBXSourcesBuildPhase section */

/* Begin PBXTargetDependency section */
		54CAF0D51D1049AE00833FED /* PBXTargetDependency */ = {
			isa = PBXTargetDependency;
			target = 54CAF0BB1D1049AE00833FED /* ToddsSyndrome */;
			targetProxy = 54CAF0D41D1049AE00833FED /* PBXContainerItemProxy */;
		};
/* End PBXTargetDependency section */

/* Begin PBXVariantGroup section */
		54CAF0C31D1049AE00833FED /* Main.storyboard */ = {
			isa = PBXVariantGroup;
			children = (
				54CAF0C41D1049AE00833FED /* Base */,
			);
			name = Main.storyboard;
			sourceTree = "<group>";
		};
		54CAF0CB1D1049AE00833FED /* LaunchScreen.storyboard */ = {
			isa = PBXVariantGroup;
			children = (
				54CAF0CC1D1049AE00833FED /* Base */,
			);
			name = LaunchScreen.storyboard;
			sourceTree = "<group>";
		};
/* End PBXVariantGroup section */

/* Begin XCBuildConfiguration section */
		54CAF0DA1D1049AE00833FED /* Debug */ = {
			isa = XCBuildConfiguration;
			buildSettings = {
				ALWAYS_SEARCH_USER_PATHS = NO;
				CLANG_ANALYZER_NONNULL = YES;
				CLANG_CXX_LANGUAGE_STANDARD = "gnu++0x";
				CLANG_CXX_LIBRARY = "libc++";
				CLANG_ENABLE_MODULES = YES;
				CLANG_ENABLE_OBJC_ARC = YES;
				CLANG_WARN_BOOL_CONVERSION = YES;
				CLANG_WARN_CONSTANT_CONVERSION = YES;
				CLANG_WARN_DIRECT_OBJC_ISA_USAGE = YES_ERROR;
				CLANG_WARN_EMPTY_BODY = YES;
				CLANG_WARN_ENUM_CONVERSION = YES;
				CLANG_WARN_INT_CONVERSION = YES;
				CLANG_WARN_OBJC_ROOT_CLASS = YES_ERROR;
				CLANG_WARN_UNREACHABLE_CODE = YES;
				CLANG_WARN__DUPLICATE_METHOD_MATCH = YES;
				"CODE_SIGN_IDENTITY[sdk=iphoneos*]" = "iPhone Developer";
				COPY_PHASE_STRIP = NO;
				DEBUG_INFORMATION_FORMAT = dwarf;
				ENABLE_STRICT_OBJC_MSGSEND = YES;
				ENABLE_TESTABILITY = YES;
				GCC_C_LANGUAGE_STANDARD = gnu99;
				GCC_DYNAMIC_NO_PIC = NO;
				GCC_NO_COMMON_BLOCKS = YES;
				GCC_OPTIMIZATION_LEVEL = 0;
				GCC_PREPROCESSOR_DEFINITIONS = (
					"DEBUG=1",
					"$(inherited)",
				);
				GCC_WARN_64_TO_32_BIT_CONVERSION = YES;
				GCC_WARN_ABOUT_RETURN_TYPE = YES_ERROR;
				GCC_WARN_UNDECLARED_SELECTOR = YES;
				GCC_WARN_UNINITIALIZED_AUTOS = YES_AGGRESSIVE;
				GCC_WARN_UNUSED_FUNCTION = YES;
				GCC_WARN_UNUSED_VARIABLE = YES;
				IPHONEOS_DEPLOYMENT_TARGET = 9.3;
				MTL_ENABLE_DEBUG_INFO = YES;
				ONLY_ACTIVE_ARCH = YES;
				SDKROOT = iphoneos;
				SWIFT_OPTIMIZATION_LEVEL = "-Onone";
				TARGETED_DEVICE_FAMILY = "1,2";
			};
			name = Debug;
		};
		54CAF0DB1D1049AE00833FED /* Release */ = {
			isa = XCBuildConfiguration;
			buildSettings = {
				ALWAYS_SEARCH_USER_PATHS = NO;
				CLANG_ANALYZER_NONNULL = YES;
				CLANG_CXX_LANGUAGE_STANDARD = "gnu++0x";
				CLANG_CXX_LIBRARY = "libc++";
				CLANG_ENABLE_MODULES = YES;
				CLANG_ENABLE_OBJC_ARC = YES;
				CLANG_WARN_BOOL_CONVERSION = YES;
				CLANG_WARN_CONSTANT_CONVERSION = YES;
				CLANG_WARN_DIRECT_OBJC_ISA_USAGE = YES_ERROR;
				CLANG_WARN_EMPTY_BODY = YES;
				CLANG_WARN_ENUM_CONVERSION = YES;
				CLANG_WARN_INT_CONVERSION = YES;
				CLANG_WARN_OBJC_ROOT_CLASS = YES_ERROR;
				CLANG_WARN_UNREACHABLE_CODE = YES;
				CLANG_WARN__DUPLICATE_METHOD_MATCH = YES;
				"CODE_SIGN_IDENTITY[sdk=iphoneos*]" = "iPhone Developer";
				COPY_PHASE_STRIP = NO;
				DEBUG_INFORMATION_FORMAT = "dwarf-with-dsym";
				ENABLE_NS_ASSERTIONS = NO;
				ENABLE_STRICT_OBJC_MSGSEND = YES;
				GCC_C_LANGUAGE_STANDARD = gnu99;
				GCC_NO_COMMON_BLOCKS = YES;
				GCC_WARN_64_TO_32_BIT_CONVERSION = YES;
				GCC_WARN_ABOUT_RETURN_TYPE = YES_ERROR;
				GCC_WARN_UNDECLARED_SELECTOR = YES;
				GCC_WARN_UNINITIALIZED_AUTOS = YES_AGGRESSIVE;
				GCC_WARN_UNUSED_FUNCTION = YES;
				GCC_WARN_UNUSED_VARIABLE = YES;
				IPHONEOS_DEPLOYMENT_TARGET = 9.3;
				MTL_ENABLE_DEBUG_INFO = NO;
				SDKROOT = iphoneos;
				TARGETED_DEVICE_FAMILY = "1,2";
				VALIDATE_PRODUCT = YES;
			};
			name = Release;
		};
		54CAF0DD1D1049AE00833FED /* Debug */ = {
			isa = XCBuildConfiguration;
			buildSettings = {
				ASSETCATALOG_COMPILER_APPICON_NAME = AppIcon;
				INFOPLIST_FILE = ToddsSyndrome/Info.plist;
				LD_RUNPATH_SEARCH_PATHS = "$(inherited) @executable_path/Frameworks";
				PRODUCT_BUNDLE_IDENTIFIER = ba.irfan.ToddsSyndrome;
				PRODUCT_NAME = "$(TARGET_NAME)";
			};
			name = Debug;
		};
		54CAF0DE1D1049AE00833FED /* Release */ = {
			isa = XCBuildConfiguration;
			buildSettings = {
				ASSETCATALOG_COMPILER_APPICON_NAME = AppIcon;
				INFOPLIST_FILE = ToddsSyndrome/Info.plist;
				LD_RUNPATH_SEARCH_PATHS = "$(inherited) @executable_path/Frameworks";
				PRODUCT_BUNDLE_IDENTIFIER = ba.irfan.ToddsSyndrome;
				PRODUCT_NAME = "$(TARGET_NAME)";
			};
			name = Release;
		};
		54CAF0E01D1049AE00833FED /* Debug */ = {
			isa = XCBuildConfiguration;
			buildSettings = {
				BUNDLE_LOADER = "$(TEST_HOST)";
				INFOPLIST_FILE = ToddsSyndromeTests/Info.plist;
				LD_RUNPATH_SEARCH_PATHS = "$(inherited) @executable_path/Frameworks @loader_path/Frameworks";
				PRODUCT_BUNDLE_IDENTIFIER = ba.irfan.ToddsSyndromeTests;
				PRODUCT_NAME = "$(TARGET_NAME)";
				TEST_HOST = "$(BUILT_PRODUCTS_DIR)/ToddsSyndrome.app/ToddsSyndrome";
			};
			name = Debug;
		};
		54CAF0E11D1049AE00833FED /* Release */ = {
			isa = XCBuildConfiguration;
			buildSettings = {
				BUNDLE_LOADER = "$(TEST_HOST)";
				INFOPLIST_FILE = ToddsSyndromeTests/Info.plist;
				LD_RUNPATH_SEARCH_PATHS = "$(inherited) @executable_path/Frameworks @loader_path/Frameworks";
				PRODUCT_BUNDLE_IDENTIFIER = ba.irfan.ToddsSyndromeTests;
				PRODUCT_NAME = "$(TARGET_NAME)";
				TEST_HOST = "$(BUILT_PRODUCTS_DIR)/ToddsSyndrome.app/ToddsSyndrome";
			};
			name = Release;
		};
/* End XCBuildConfiguration section */

/* Begin XCConfigurationList section */
		54CAF0B71D1049AE00833FED /* Build configuration list for PBXProject "ToddsSyndrome" */ = {
			isa = XCConfigurationList;
			buildConfigurations = (
				54CAF0DA1D1049AE00833FED /* Debug */,
				54CAF0DB1D1049AE00833FED /* Release */,
			);
			defaultConfigurationIsVisible = 0;
			defaultConfigurationName = Release;
		};
		54CAF0DC1D1049AE00833FED /* Build configuration list for PBXNativeTarget "ToddsSyndrome" */ = {
			isa = XCConfigurationList;
			buildConfigurations = (
				54CAF0DD1D1049AE00833FED /* Debug */,
				54CAF0DE1D1049AE00833FED /* Release */,
			);
			defaultConfigurationIsVisible = 0;
		};
		54CAF0DF1D1049AE00833FED /* Build configuration list for PBXNativeTarget "ToddsSyndromeTests" */ = {
			isa = XCConfigurationList;
			buildConfigurations = (
				54CAF0E01D1049AE00833FED /* Debug */,
				54CAF0E11D1049AE00833FED /* Release */,
			);
			defaultConfigurationIsVisible = 0;
		};
/* End XCConfigurationList section */

/* Begin XCVersionGroup section */
		54CAF0C61D1049AE00833FED /* ToddsSyndrome.xcdatamodeld */ = {
			isa = XCVersionGroup;
			children = (
				54CAF0C71D1049AE00833FED /* ToddsSyndrome.xcdatamodel */,
			);
			currentVersion = 54CAF0C71D1049AE00833FED /* ToddsSyndrome.xcdatamodel */;
			path = ToddsSyndrome.xcdatamodeld;
			sourceTree = "<group>";
			versionGroupType = wrapper.xcdatamodel;
		};
/* End XCVersionGroup section */
	};
	rootObject = 54CAF0B41D1049AE00833FED /* Project object */;
}
